
Microsoft Visual Studio Solution File, Format Version 12.00
# Visual Studio Version 16
VisualStudioVersion = 16.0.28803.156
MinimumVisualStudioVersion = 10.0.40219.1
Project("{FAE04EC0-301F-11D3-BF4B-00C04F79EFBC}") = "hidnel_milandou - Math Quiz", "hidnel_milandou - Math Quiz\hidnel_milandou - Math Quiz.csproj", "{D7E6CE73-BA20-4D09-AA4B-5F450E512A7C}"
EndProject
Global
	GlobalSection(SolutionConfigurationPlatforms) = preSolution
		Debug|Any CPU = Debug|Any CPU
		Release|Any CPU = Release|Any CPU
	EndGlobalSection
	GlobalSection(ProjectConfigurationPlatforms) = postSolution
		{D7E6CE73-BA20-4D09-AA4B-5F450E512A7C}.Debug|Any CPU.ActiveCfg = Debug|Any CPU
		{D7E6CE73-BA20-4D09-AA4B-5F450E512A7C}.Debug|Any CPU.Build.0 = Debug|Any CPU
		{D7E6CE73-BA20-4D09-AA4B-5F450E512A7C}.Release|Any CPU.ActiveCfg = Release|Any CPU
		{D7E6CE73-BA20-4D09-AA4B-5F450E512A7C}.Release|Any CPU.Build.0 = Release|Any CPU
	EndGlobalSection
	GlobalSection(SolutionProperties) = preSolution
		HideSolutionNode = FALSE
	EndGlobalSection
	GlobalSection(ExtensibilityGlobals) = postSolution
		SolutionGuid = {F2FFF133-1205-4B08-B903-0109A645247D}
	EndGlobalSection
EndGlobal
